
Microsoft Visual Studio Solution File, Format Version 12.00
Project("{FAE04EC0-301F-11D3-BF4B-00C04F79EFBC}") = "StreamExamples", "StreamExamples\StreamExamples.csproj", "{0D26BE70-2AAF-4F45-81FB-31A21A435309}"
EndProject
Project("{FAE04EC0-301F-11D3-BF4B-00C04F79EFBC}") = "PizzaPoolEnigma", "PizzaPoolEnigma\PizzaPoolEnigma.csproj", "{8A8E98A0-7345-4A6E-937D-1CAE07CFAAAB}"
EndProject
Global
	GlobalSection(SolutionConfigurationPlatforms) = preSolution
		Debug|Any CPU = Debug|Any CPU
		Release|Any CPU = Release|Any CPU
	EndGlobalSection
	GlobalSection(ProjectConfigurationPlatforms) = postSolution
		{0D26BE70-2AAF-4F45-81FB-31A21A435309}.Debug|Any CPU.ActiveCfg = Debug|Any CPU
		{0D26BE70-2AAF-4F45-81FB-31A21A435309}.Debug|Any CPU.Build.0 = Debug|Any CPU
		{0D26BE70-2AAF-4F45-81FB-31A21A435309}.Release|Any CPU.ActiveCfg = Release|Any CPU
		{0D26BE70-2AAF-4F45-81FB-31A21A435309}.Release|Any CPU.Build.0 = Release|Any CPU
		{8A8E98A0-7345-4A6E-937D-1CAE07CFAAAB}.Debug|Any CPU.ActiveCfg = Debug|Any CPU
		{8A8E98A0-7345-4A6E-937D-1CAE07CFAAAB}.Debug|Any CPU.Build.0 = Debug|Any CPU
		{8A8E98A0-7345-4A6E-937D-1CAE07CFAAAB}.Release|Any CPU.ActiveCfg = Release|Any CPU
		{8A8E98A0-7345-4A6E-937D-1CAE07CFAAAB}.Release|Any CPU.Build.0 = Release|Any CPU
	EndGlobalSection
EndGlobal
