
Microsoft Visual Studio Solution File, Format Version 12.00
Project("{FAE04EC0-301F-11D3-BF4B-00C04F79EFBC}") = "Safe", "Safe\Safe.csproj", "{6B3C0FE2-BA5A-4469-8E28-BFF259F9FFEF}"
EndProject
Global
	GlobalSection(SolutionConfigurationPlatforms) = preSolution
		Debug|Any CPU = Debug|Any CPU
		Release|Any CPU = Release|Any CPU
	EndGlobalSection
	GlobalSection(ProjectConfigurationPlatforms) = postSolution
		{6B3C0FE2-BA5A-4469-8E28-BFF259F9FFEF}.Debug|Any CPU.ActiveCfg = Debug|Any CPU
		{6B3C0FE2-BA5A-4469-8E28-BFF259F9FFEF}.Debug|Any CPU.Build.0 = Debug|Any CPU
		{6B3C0FE2-BA5A-4469-8E28-BFF259F9FFEF}.Release|Any CPU.ActiveCfg = Release|Any CPU
		{6B3C0FE2-BA5A-4469-8E28-BFF259F9FFEF}.Release|Any CPU.Build.0 = Release|Any CPU
	EndGlobalSection
EndGlobal
