
Microsoft Visual Studio Solution File, Format Version 12.00
Project("{FAE04EC0-301F-11D3-BF4B-00C04F79EFBC}") = "RetiredPlayer", "RetiredPlayer\RetiredPlayer.csproj", "{C86C162D-F9C8-43D0-AEB8-2288AE745E61}"
EndProject
Global
	GlobalSection(SolutionConfigurationPlatforms) = preSolution
		Debug|Any CPU = Debug|Any CPU
		Release|Any CPU = Release|Any CPU
	EndGlobalSection
	GlobalSection(ProjectConfigurationPlatforms) = postSolution
		{C86C162D-F9C8-43D0-AEB8-2288AE745E61}.Debug|Any CPU.ActiveCfg = Debug|Any CPU
		{C86C162D-F9C8-43D0-AEB8-2288AE745E61}.Debug|Any CPU.Build.0 = Debug|Any CPU
		{C86C162D-F9C8-43D0-AEB8-2288AE745E61}.Release|Any CPU.ActiveCfg = Release|Any CPU
		{C86C162D-F9C8-43D0-AEB8-2288AE745E61}.Release|Any CPU.Build.0 = Release|Any CPU
	EndGlobalSection
EndGlobal
